// !$*UTF8*$!
{
	archiveVersion = 1;
	classes = {
	};
	objectVersion = 50;
	objects = {

/* Begin PBXBuildFile section */
		F140044A250B913C009EA092 /* AppDelegate.swift in Sources */ = {isa = PBXBuildFile; fileRef = F1400449250B913C009EA092 /* AppDelegate.swift */; };
		F140044C250B913C009EA092 /* SceneDelegate.swift in Sources */ = {isa = PBXBuildFile; fileRef = F140044B250B913C009EA092 /* SceneDelegate.swift */; };
		F140044E250B913C009EA092 /* WelcomeVC.swift in Sources */ = {isa = PBXBuildFile; fileRef = F140044D250B913C009EA092 /* WelcomeVC.swift */; };
		F1400451250B913C009EA092 /* Main.storyboard in Resources */ = {isa = PBXBuildFile; fileRef = F140044F250B913C009EA092 /* Main.storyboard */; };
		F1400453250B9141009EA092 /* Assets.xcassets in Resources */ = {isa = PBXBuildFile; fileRef = F1400452250B9141009EA092 /* Assets.xcassets */; };
		F1400456250B9141009EA092 /* LaunchScreen.storyboard in Resources */ = {isa = PBXBuildFile; fileRef = F1400454250B9141009EA092 /* LaunchScreen.storyboard */; };
		F1400461250B9CF4009EA092 /* BorderButton.swift in Sources */ = {isa = PBXBuildFile; fileRef = F1400460250B9CF4009EA092 /* BorderButton.swift */; };
		F1400467250BDF53009EA092 /* LeagueVC.swift in Sources */ = {isa = PBXBuildFile; fileRef = F1400466250BDF53009EA092 /* LeagueVC.swift */; };
		F1400469250BDF7B009EA092 /* SkillVC.swift in Sources */ = {isa = PBXBuildFile; fileRef = F1400468250BDF7B009EA092 /* SkillVC.swift */; };
/* End PBXBuildFile section */

/* Begin PBXFileReference section */
		F1400446250B913C009EA092 /* app-swoosh.app */ = {isa = PBXFileReference; explicitFileType = wrapper.application; includeInIndex = 0; path = "app-swoosh.app"; sourceTree = BUILT_PRODUCTS_DIR; };
		F1400449250B913C009EA092 /* AppDelegate.swift */ = {isa = PBXFileReference; lastKnownFileType = sourcecode.swift; path = AppDelegate.swift; sourceTree = "<group>"; };
		F140044B250B913C009EA092 /* SceneDelegate.swift */ = {isa = PBXFileReference; lastKnownFileType = sourcecode.swift; path = SceneDelegate.swift; sourceTree = "<group>"; };
		F140044D250B913C009EA092 /* WelcomeVC.swift */ = {isa = PBXFileReference; lastKnownFileType = sourcecode.swift; path = WelcomeVC.swift; sourceTree = "<group>"; };
		F1400450250B913C009EA092 /* Base */ = {isa = PBXFileReference; lastKnownFileType = file.storyboard; name = Base; path = Base.lproj/Main.storyboard; sourceTree = "<group>"; };
		F1400452250B9141009EA092 /* Assets.xcassets */ = {isa = PBXFileReference; lastKnownFileType = folder.assetcatalog; path = Assets.xcassets; sourceTree = "<group>"; };
		F1400455250B9141009EA092 /* Base */ = {isa = PBXFileReference; lastKnownFileType = file.storyboard; name = Base; path = Base.lproj/LaunchScreen.storyboard; sourceTree = "<group>"; };
		F1400457250B9141009EA092 /* Info.plist */ = {isa = PBXFileReference; lastKnownFileType = text.plist.xml; path = Info.plist; sourceTree = "<group>"; };
		F1400460250B9CF4009EA092 /* BorderButton.swift */ = {isa = PBXFileReference; lastKnownFileType = sourcecode.swift; path = BorderButton.swift; sourceTree = "<group>"; };
		F1400466250BDF53009EA092 /* LeagueVC.swift */ = {isa = PBXFileReference; lastKnownFileType = sourcecode.swift; path = LeagueVC.swift; sourceTree = "<group>"; };
		F1400468250BDF7B009EA092 /* SkillVC.swift */ = {isa = PBXFileReference; lastKnownFileType = sourcecode.swift; path = SkillVC.swift; sourceTree = "<group>"; };
/* End PBXFileReference section */

/* Begin PBXFrameworksBuildPhase section */
		F1400443250B913C009EA092 /* Frameworks */ = {
			isa = PBXFrameworksBuildPhase;
			buildActionMask = 2147483647;
			files = (
			);
			runOnlyForDeploymentPostprocessing = 0;
		};
/* End PBXFrameworksBuildPhase section */

/* Begin PBXGroup section */
		F140043D250B913C009EA092 = {
			isa = PBXGroup;
			children = (
				F1400448250B913C009EA092 /* app-swoosh */,
				F1400447250B913C009EA092 /* Products */,
			);
			sourceTree = "<group>";
		};
		F1400447250B913C009EA092 /* Products */ = {
			isa = PBXGroup;
			children = (
				F1400446250B913C009EA092 /* app-swoosh.app */,
			);
			name = Products;
			sourceTree = "<group>";
		};
		F1400448250B913C009EA092 /* app-swoosh */ = {
			isa = PBXGroup;
			children = (
				F1400463250BDD19009EA092 /* Model */,
				F140045D250B97A9009EA092 /* View */,
				F1400462250BDD0B009EA092 /* Controller */,
				F1400449250B913C009EA092 /* AppDelegate.swift */,
				F140044B250B913C009EA092 /* SceneDelegate.swift */,
				F140044F250B913C009EA092 /* Main.storyboard */,
				F1400452250B9141009EA092 /* Assets.xcassets */,
				F1400454250B9141009EA092 /* LaunchScreen.storyboard */,
				F1400457250B9141009EA092 /* Info.plist */,
			);
			path = "app-swoosh";
			sourceTree = "<group>";
		};
		F140045D250B97A9009EA092 /* View */ = {
			isa = PBXGroup;
			children = (
				F1400460250B9CF4009EA092 /* BorderButton.swift */,
			);
			path = View;
			sourceTree = "<group>";
		};
		F1400462250BDD0B009EA092 /* Controller */ = {
			isa = PBXGroup;
			children = (
				F140044D250B913C009EA092 /* WelcomeVC.swift */,
				F1400466250BDF53009EA092 /* LeagueVC.swift */,
				F1400468250BDF7B009EA092 /* SkillVC.swift */,
			);
			path = Controller;
			sourceTree = "<group>";
		};
		F1400463250BDD19009EA092 /* Model */ = {
			isa = PBXGroup;
			children = (
			);
			path = Model;
			sourceTree = "<group>";
		};
/* End PBXGroup section */

/* Begin PBXNativeTarget section */
		F1400445250B913C009EA092 /* app-swoosh */ = {
			isa = PBXNativeTarget;
			buildConfigurationList = F140045A250B9141009EA092 /* Build configuration list for PBXNativeTarget "app-swoosh" */;
			buildPhases = (
				F1400442250B913C009EA092 /* Sources */,
				F1400443250B913C009EA092 /* Frameworks */,
				F1400444250B913C009EA092 /* Resources */,
			);
			buildRules = (
			);
			dependencies = (
			);
			name = "app-swoosh";
			productName = "app-swoosh";
			productReference = F1400446250B913C009EA092 /* app-swoosh.app */;
			productType = "com.apple.product-type.application";
		};
/* End PBXNativeTarget section */

/* Begin PBXProject section */
		F140043E250B913C009EA092 /* Project object */ = {
			isa = PBXProject;
			attributes = {
				LastSwiftUpdateCheck = 1170;
				LastUpgradeCheck = 1170;
				ORGANIZATIONNAME = "Eduardo Malvido";
				TargetAttributes = {
					F1400445250B913C009EA092 = {
						CreatedOnToolsVersion = 11.7;
					};
				};
			};
			buildConfigurationList = F1400441250B913C009EA092 /* Build configuration list for PBXProject "app-swoosh" */;
			compatibilityVersion = "Xcode 9.3";
			developmentRegion = en;
			hasScannedForEncodings = 0;
			knownRegions = (
				en,
				Base,
			);
			mainGroup = F140043D250B913C009EA092;
			productRefGroup = F1400447250B913C009EA092 /* Products */;
			projectDirPath = "";
			projectRoot = "";
			targets = (
				F1400445250B913C009EA092 /* app-swoosh */,
			);
		};
/* End PBXProject section */

/* Begin PBXResourcesBuildPhase section */
		F1400444250B913C009EA092 /* Resources */ = {
			isa = PBXResourcesBuildPhase;
			buildActionMask = 2147483647;
			files = (
				F1400456250B9141009EA092 /* LaunchScreen.storyboard in Resources */,
				F1400453250B9141009EA092 /* Assets.xcassets in Resources */,
				F1400451250B913C009EA092 /* Main.storyboard in Resources */,
			);
			runOnlyForDeploymentPostprocessing = 0;
		};
/* End PBXResourcesBuildPhase section */

/* Begin PBXSourcesBuildPhase section */
		F1400442250B913C009EA092 /* Sources */ = {
			isa = PBXSourcesBuildPhase;
			buildActionMask = 2147483647;
			files = (
				F1400467250BDF53009EA092 /* LeagueVC.swift in Sources */,
				F140044E250B913C009EA092 /* WelcomeVC.swift in Sources */,
				F140044A250B913C009EA092 /* AppDelegate.swift in Sources */,
				F140044C250B913C009EA092 /* SceneDelegate.swift in Sources */,
				F1400469250BDF7B009EA092 /* SkillVC.swift in Sources */,
				F1400461250B9CF4009EA092 /* BorderButton.swift in Sources */,
			);
			runOnlyForDeploymentPostprocessing = 0;
		};
/* End PBXSourcesBuildPhase section */

/* Begin PBXVariantGroup section */
		F140044F250B913C009EA092 /* Main.storyboard */ = {
			isa = PBXVariantGroup;
			children = (
				F1400450250B913C009EA092 /* Base */,
			);
			name = Main.storyboard;
			sourceTree = "<group>";
		};
		F1400454250B9141009EA092 /* LaunchScreen.storyboard */ = {
			isa = PBXVariantGroup;
			children = (
				F1400455250B9141009EA092 /* Base */,
			);
			name = LaunchScreen.storyboard;
			sourceTree = "<group>";
		};
/* End PBXVariantGroup section */

/* Begin XCBuildConfiguration section */
		F1400458250B9141009EA092 /* Debug */ = {
			isa = XCBuildConfiguration;
			buildSettings = {
				ALWAYS_SEARCH_USER_PATHS = NO;
				CLANG_ANALYZER_NONNULL = YES;
				CLANG_ANALYZER_NUMBER_OBJECT_CONVERSION = YES_AGGRESSIVE;
				CLANG_CXX_LANGUAGE_STANDARD = "gnu++14";
				CLANG_CXX_LIBRARY = "libc++";
				CLANG_ENABLE_MODULES = YES;
				CLANG_ENABLE_OBJC_ARC = YES;
				CLANG_ENABLE_OBJC_WEAK = YES;
				CLANG_WARN_BLOCK_CAPTURE_AUTORELEASING = YES;
				CLANG_WARN_BOOL_CONVERSION = YES;
				CLANG_WARN_COMMA = YES;
				CLANG_WARN_CONSTANT_CONVERSION = YES;
				CLANG_WARN_DEPRECATED_OBJC_IMPLEMENTATIONS = YES;
				CLANG_WARN_DIRECT_OBJC_ISA_USAGE = YES_ERROR;
				CLANG_WARN_DOCUMENTATION_COMMENTS = YES;
				CLANG_WARN_EMPTY_BODY = YES;
				CLANG_WARN_ENUM_CONVERSION = YES;
				CLANG_WARN_INFINITE_RECURSION = YES;
				CLANG_WARN_INT_CONVERSION = YES;
				CLANG_WARN_NON_LITERAL_NULL_CONVERSION = YES;
				CLANG_WARN_OBJC_IMPLICIT_RETAIN_SELF = YES;
				CLANG_WARN_OBJC_LITERAL_CONVERSION = YES;
				CLANG_WARN_OBJC_ROOT_CLASS = YES_ERROR;
				CLANG_WARN_RANGE_LOOP_ANALYSIS = YES;
				CLANG_WARN_STRICT_PROTOTYPES = YES;
				CLANG_WARN_SUSPICIOUS_MOVE = YES;
				CLANG_WARN_UNGUARDED_AVAILABILITY = YES_AGGRESSIVE;
				CLANG_WARN_UNREACHABLE_CODE = YES;
				CLANG_WARN__DUPLICATE_METHOD_MATCH = YES;
				COPY_PHASE_STRIP = NO;
				DEBUG_INFORMATION_FORMAT = dwarf;
				ENABLE_STRICT_OBJC_MSGSEND = YES;
				ENABLE_TESTABILITY = YES;
				GCC_C_LANGUAGE_STANDARD = gnu11;
				GCC_DYNAMIC_NO_PIC = NO;
				GCC_NO_COMMON_BLOCKS = YES;
				GCC_OPTIMIZATION_LEVEL = 0;
				GCC_PREPROCESSOR_DEFINITIONS = (
					"DEBUG=1",
					"$(inherited)",
				);
				GCC_WARN_64_TO_32_BIT_CONVERSION = YES;
				GCC_WARN_ABOUT_RETURN_TYPE = YES_ERROR;
				GCC_WARN_UNDECLARED_SELECTOR = YES;
				GCC_WARN_UNINITIALIZED_AUTOS = YES_AGGRESSIVE;
				GCC_WARN_UNUSED_FUNCTION = YES;
				GCC_WARN_UNUSED_VARIABLE = YES;
				IPHONEOS_DEPLOYMENT_TARGET = 13.7;
				MTL_ENABLE_DEBUG_INFO = INCLUDE_SOURCE;
				MTL_FAST_MATH = YES;
				ONLY_ACTIVE_ARCH = YES;
				SDKROOT = iphoneos;
				SWIFT_ACTIVE_COMPILATION_CONDITIONS = DEBUG;
				SWIFT_OPTIMIZATION_LEVEL = "-Onone";
			};
			name = Debug;
		};
		F1400459250B9141009EA092 /* Release */ = {
			isa = XCBuildConfiguration;
			buildSettings = {
				ALWAYS_SEARCH_USER_PATHS = NO;
				CLANG_ANALYZER_NONNULL = YES;
				CLANG_ANALYZER_NUMBER_OBJECT_CONVERSION = YES_AGGRESSIVE;
				CLANG_CXX_LANGUAGE_STANDARD = "gnu++14";
				CLANG_CXX_LIBRARY = "libc++";
				CLANG_ENABLE_MODULES = YES;
				CLANG_ENABLE_OBJC_ARC = YES;
				CLANG_ENABLE_OBJC_WEAK = YES;
				CLANG_WARN_BLOCK_CAPTURE_AUTORELEASING = YES;
				CLANG_WARN_BOOL_CONVERSION = YES;
				CLANG_WARN_COMMA = YES;
				CLANG_WARN_CONSTANT_CONVERSION = YES;
				CLANG_WARN_DEPRECATED_OBJC_IMPLEMENTATIONS = YES;
				CLANG_WARN_DIRECT_OBJC_ISA_USAGE = YES_ERROR;
				CLANG_WARN_DOCUMENTATION_COMMENTS = YES;
				CLANG_WARN_EMPTY_BODY = YES;
				CLANG_WARN_ENUM_CONVERSION = YES;
				CLANG_WARN_INFINITE_RECURSION = YES;
				CLANG_WARN_INT_CONVERSION = YES;
				CLANG_WARN_NON_LITERAL_NULL_CONVERSION = YES;
				CLANG_WARN_OBJC_IMPLICIT_RETAIN_SELF = YES;
				CLANG_WARN_OBJC_LITERAL_CONVERSION = YES;
				CLANG_WARN_OBJC_ROOT_CLASS = YES_ERROR;
				CLANG_WARN_RANGE_LOOP_ANALYSIS = YES;
				CLANG_WARN_STRICT_PROTOTYPES = YES;
				CLANG_WARN_SUSPICIOUS_MOVE = YES;
				CLANG_WARN_UNGUARDED_AVAILABILITY = YES_AGGRESSIVE;
				CLANG_WARN_UNREACHABLE_CODE = YES;
				CLANG_WARN__DUPLICATE_METHOD_MATCH = YES;
				COPY_PHASE_STRIP = NO;
				DEBUG_INFORMATION_FORMAT = "dwarf-with-dsym";
				ENABLE_NS_ASSERTIONS = NO;
				ENABLE_STRICT_OBJC_MSGSEND = YES;
				GCC_C_LANGUAGE_STANDARD = gnu11;
				GCC_NO_COMMON_BLOCKS = YES;
				GCC_WARN_64_TO_32_BIT_CONVERSION = YES;
				GCC_WARN_ABOUT_RETURN_TYPE = YES_ERROR;
				GCC_WARN_UNDECLARED_SELECTOR = YES;
				GCC_WARN_UNINITIALIZED_AUTOS = YES_AGGRESSIVE;
				GCC_WARN_UNUSED_FUNCTION = YES;
				GCC_WARN_UNUSED_VARIABLE = YES;
				IPHONEOS_DEPLOYMENT_TARGET = 13.7;
				MTL_ENABLE_DEBUG_INFO = NO;
				MTL_FAST_MATH = YES;
				SDKROOT = iphoneos;
				SWIFT_COMPILATION_MODE = wholemodule;
				SWIFT_OPTIMIZATION_LEVEL = "-O";
				VALIDATE_PRODUCT = YES;
			};
			name = Release;
		};
		F140045B250B9141009EA092 /* Debug */ = {
			isa = XCBuildConfiguration;
			buildSettings = {
				ASSETCATALOG_COMPILER_APPICON_NAME = AppIcon;
				CODE_SIGN_STYLE = Automatic;
				DEVELOPMENT_TEAM = 4PQKX97SLV;
				INFOPLIST_FILE = "app-swoosh/Info.plist";
				LD_RUNPATH_SEARCH_PATHS = (
					"$(inherited)",
					"@executable_path/Frameworks",
				);
				PRODUCT_BUNDLE_IDENTIFIER = "emalvido.app-swoosh";
				PRODUCT_NAME = "$(TARGET_NAME)";
				SWIFT_VERSION = 5.0;
				TARGETED_DEVICE_FAMILY = "1,2";
			};
			name = Debug;
		};
		F140045C250B9141009EA092 /* Release */ = {
			isa = XCBuildConfiguration;
			buildSettings = {
				ASSETCATALOG_COMPILER_APPICON_NAME = AppIcon;
				CODE_SIGN_STYLE = Automatic;
				DEVELOPMENT_TEAM = 4PQKX97SLV;
				INFOPLIST_FILE = "app-swoosh/Info.plist";
				LD_RUNPATH_SEARCH_PATHS = (
					"$(inherited)",
					"@executable_path/Frameworks",
				);
				PRODUCT_BUNDLE_IDENTIFIER = "emalvido.app-swoosh";
				PRODUCT_NAME = "$(TARGET_NAME)";
				SWIFT_VERSION = 5.0;
				TARGETED_DEVICE_FAMILY = "1,2";
			};
			name = Release;
		};
/* End XCBuildConfiguration section */

/* Begin XCConfigurationList section */
		F1400441250B913C009EA092 /* Build configuration list for PBXProject "app-swoosh" */ = {
			isa = XCConfigurationList;
			buildConfigurations = (
				F1400458250B9141009EA092 /* Debug */,
				F1400459250B9141009EA092 /* Release */,
			);
			defaultConfigurationIsVisible = 0;
			defaultConfigurationName = Release;
		};
		F140045A250B9141009EA092 /* Build configuration list for PBXNativeTarget "app-swoosh" */ = {
			isa = XCConfigurationList;
			buildConfigurations = (
				F140045B250B9141009EA092 /* Debug */,
				F140045C250B9141009EA092 /* Release */,
			);
			defaultConfigurationIsVisible = 0;
			defaultConfigurationName = Release;
		};
/* End XCConfigurationList section */
	};
	rootObject = F140043E250B913C009EA092 /* Project object */;
}
